
Microsoft Visual Studio Solution File, Format Version 12.00
# Visual Studio 15
VisualStudioVersion = 15.0.26020.0
MinimumVisualStudioVersion = 10.0.40219.1
Project("{FAE04EC0-301F-11D3-BF4B-00C04F79EFBC}") = "ToyRobotSim", "ToyRobotSim\ToyRobotSim.csproj", "{201CDF04-8E3B-4516-B83F-678C25A2DA4E}"
EndProject
Project("{FAE04EC0-301F-11D3-BF4B-00C04F79EFBC}") = "ToyRobotSimTests", "ToyRobotSimTests\ToyRobotSimTests.csproj", "{70B5F03F-4AAD-454A-94A4-8341EDC84370}"
EndProject
Global
	GlobalSection(SolutionConfigurationPlatforms) = preSolution
		Debug|Any CPU = Debug|Any CPU
		Release|Any CPU = Release|Any CPU
	EndGlobalSection
	GlobalSection(ProjectConfigurationPlatforms) = postSolution
		{201CDF04-8E3B-4516-B83F-678C25A2DA4E}.Debug|Any CPU.ActiveCfg = Debug|Any CPU
		{201CDF04-8E3B-4516-B83F-678C25A2DA4E}.Debug|Any CPU.Build.0 = Debug|Any CPU
		{201CDF04-8E3B-4516-B83F-678C25A2DA4E}.Release|Any CPU.ActiveCfg = Release|Any CPU
		{201CDF04-8E3B-4516-B83F-678C25A2DA4E}.Release|Any CPU.Build.0 = Release|Any CPU
		{70B5F03F-4AAD-454A-94A4-8341EDC84370}.Debug|Any CPU.ActiveCfg = Debug|Any CPU
		{70B5F03F-4AAD-454A-94A4-8341EDC84370}.Debug|Any CPU.Build.0 = Debug|Any CPU
		{70B5F03F-4AAD-454A-94A4-8341EDC84370}.Release|Any CPU.ActiveCfg = Release|Any CPU
		{70B5F03F-4AAD-454A-94A4-8341EDC84370}.Release|Any CPU.Build.0 = Release|Any CPU
	EndGlobalSection
	GlobalSection(SolutionProperties) = preSolution
		HideSolutionNode = FALSE
	EndGlobalSection
EndGlobal
